// !$*UTF8*$!
{
	archiveVersion = 1;
	classes = {
	};
	objectVersion = 77;
	objects = {

/* Begin PBXContainerItemProxy section */
		8C280FBB2DCACD4F00473F14 /* PBXContainerItemProxy */ = {
			isa = PBXContainerItemProxy;
			containerPortal = 8C280F992DCACD4D00473F14 /* Project object */;
			proxyType = 1;
			remoteGlobalIDString = 8C280FA02DCACD4D00473F14;
			remoteInfo = PuzzleBox;
		};
		8C280FC52DCACD4F00473F14 /* PBXContainerItemProxy */ = {
			isa = PBXContainerItemProxy;
			containerPortal = 8C280F992DCACD4D00473F14 /* Project object */;
			proxyType = 1;
			remoteGlobalIDString = 8C280FA02DCACD4D00473F14;
			remoteInfo = PuzzleBox;
		};
/* End PBXContainerItemProxy section */

/* Begin PBXFileReference section */
		8C280FA12DCACD4D00473F14 /* PuzzleBox.app */ = {isa = PBXFileReference; explicitFileType = wrapper.application; includeInIndex = 0; path = PuzzleBox.app; sourceTree = BUILT_PRODUCTS_DIR; };
		8C280FBA2DCACD4F00473F14 /* PuzzleBoxTests.xctest */ = {isa = PBXFileReference; explicitFileType = wrapper.cfbundle; includeInIndex = 0; path = PuzzleBoxTests.xctest; sourceTree = BUILT_PRODUCTS_DIR; };
		8C280FC42DCACD4F00473F14 /* PuzzleBoxUITests.xctest */ = {isa = PBXFileReference; explicitFileType = wrapper.cfbundle; includeInIndex = 0; path = PuzzleBoxUITests.xctest; sourceTree = BUILT_PRODUCTS_DIR; };
/* End PBXFileReference section */

/* Begin PBXFileSystemSynchronizedBuildFileExceptionSet section */
		8C280FCC2DCACD4F00473F14 /* Exceptions for "PuzzleBox" folder in "PuzzleBox" target */ = {
			isa = PBXFileSystemSynchronizedBuildFileExceptionSet;
			membershipExceptions = (
				Info.plist,
			);
			target = 8C280FA02DCACD4D00473F14 /* PuzzleBox */;
		};
/* End PBXFileSystemSynchronizedBuildFileExceptionSet section */

/* Begin PBXFileSystemSynchronizedRootGroup section */
		8C280FA32DCACD4D00473F14 /* PuzzleBox */ = {
			isa = PBXFileSystemSynchronizedRootGroup;
			exceptions = (
				8C280FCC2DCACD4F00473F14 /* Exceptions for "PuzzleBox" folder in "PuzzleBox" target */,
			);
			path = PuzzleBox;
			sourceTree = "<group>";
		};
		8C280FBD2DCACD4F00473F14 /* PuzzleBoxTests */ = {
			isa = PBXFileSystemSynchronizedRootGroup;
			path = PuzzleBoxTests;
			sourceTree = "<group>";
		};
		8C280FC72DCACD4F00473F14 /* PuzzleBoxUITests */ = {
			isa = PBXFileSystemSynchronizedRootGroup;
			path = PuzzleBoxUITests;
			sourceTree = "<group>";
		};
/* End PBXFileSystemSynchronizedRootGroup section */

/* Begin PBXFrameworksBuildPhase section */
		8C280F9E2DCACD4D00473F14 /* Frameworks */ = {
			isa = PBXFrameworksBuildPhase;
			buildActionMask = 2147483647;
			files = (
			);
			runOnlyForDeploymentPostprocessing = 0;
		};
		8C280FB72DCACD4F00473F14 /* Frameworks */ = {
			isa = PBXFrameworksBuildPhase;
			buildActionMask = 2147483647;
			files = (
			);
			runOnlyForDeploymentPostprocessing = 0;
		};
		8C280FC12DCACD4F00473F14 /* Frameworks */ = {
			isa = PBXFrameworksBuildPhase;
			buildActionMask = 2147483647;
			files = (
			);
			runOnlyForDeploymentPostprocessing = 0;
		};
/* End PBXFrameworksBuildPhase section */

/* Begin PBXGroup section */
		8C280F982DCACD4D00473F14 = {
			isa = PBXGroup;
			children = (
				8C280FA32DCACD4D00473F14 /* PuzzleBox */,
				8C280FBD2DCACD4F00473F14 /* PuzzleBoxTests */,
				8C280FC72DCACD4F00473F14 /* PuzzleBoxUITests */,
				8C280FA22DCACD4D00473F14 /* Products */,
			);
			sourceTree = "<group>";
		};
		8C280FA22DCACD4D00473F14 /* Products */ = {
			isa = PBXGroup;
			children = (
				8C280FA12DCACD4D00473F14 /* PuzzleBox.app */,
				8C280FBA2DCACD4F00473F14 /* PuzzleBoxTests.xctest */,
				8C280FC42DCACD4F00473F14 /* PuzzleBoxUITests.xctest */,
			);
			name = Products;
			sourceTree = "<group>";
		};
/* End PBXGroup section */

/* Begin PBXNativeTarget section */
		8C280FA02DCACD4D00473F14 /* PuzzleBox */ = {
			isa = PBXNativeTarget;
			buildConfigurationList = 8C280FCD2DCACD4F00473F14 /* Build configuration list for PBXNativeTarget "PuzzleBox" */;
			buildPhases = (
				8C280F9D2DCACD4D00473F14 /* Sources */,
				8C280F9E2DCACD4D00473F14 /* Frameworks */,
				8C280F9F2DCACD4D00473F14 /* Resources */,
			);
			buildRules = (
			);
			dependencies = (
			);
			fileSystemSynchronizedGroups = (
				8C280FA32DCACD4D00473F14 /* PuzzleBox */,
			);
			name = PuzzleBox;
			packageProductDependencies = (
			);
			productName = PuzzleBox;
			productReference = 8C280FA12DCACD4D00473F14 /* PuzzleBox.app */;
			productType = "com.apple.product-type.application";
		};
		8C280FB92DCACD4F00473F14 /* PuzzleBoxTests */ = {
			isa = PBXNativeTarget;
			buildConfigurationList = 8C280FD22DCACD4F00473F14 /* Build configuration list for PBXNativeTarget "PuzzleBoxTests" */;
			buildPhases = (
				8C280FB62DCACD4F00473F14 /* Sources */,
				8C280FB72DCACD4F00473F14 /* Frameworks */,
				8C280FB82DCACD4F00473F14 /* Resources */,
			);
			buildRules = (
			);
			dependencies = (
				8C280FBC2DCACD4F00473F14 /* PBXTargetDependency */,
			);
			fileSystemSynchronizedGroups = (
				8C280FBD2DCACD4F00473F14 /* PuzzleBoxTests */,
			);
			name = PuzzleBoxTests;
			packageProductDependencies = (
			);
			productName = PuzzleBoxTests;
			productReference = 8C280FBA2DCACD4F00473F14 /* PuzzleBoxTests.xctest */;
			productType = "com.apple.product-type.bundle.unit-test";
		};
		8C280FC32DCACD4F00473F14 /* PuzzleBoxUITests */ = {
			isa = PBXNativeTarget;
			buildConfigurationList = 8C280FD52DCACD4F00473F14 /* Build configuration list for PBXNativeTarget "PuzzleBoxUITests" */;
			buildPhases = (
				8C280FC02DCACD4F00473F14 /* Sources */,
				8C280FC12DCACD4F00473F14 /* Frameworks */,
				8C280FC22DCACD4F00473F14 /* Resources */,
			);
			buildRules = (
			);
			dependencies = (
				8C280FC62DCACD4F00473F14 /* PBXTargetDependency */,
			);
			fileSystemSynchronizedGroups = (
				8C280FC72DCACD4F00473F14 /* PuzzleBoxUITests */,
			);
			name = PuzzleBoxUITests;
			packageProductDependencies = (
			);
			productName = PuzzleBoxUITests;
			productReference = 8C280FC42DCACD4F00473F14 /* PuzzleBoxUITests.xctest */;
			productType = "com.apple.product-type.bundle.ui-testing";
		};
/* End PBXNativeTarget section */

/* Begin PBXProject section */
		8C280F992DCACD4D00473F14 /* Project object */ = {
			isa = PBXProject;
			attributes = {
				BuildIndependentTargetsInParallel = 1;
				LastSwiftUpdateCheck = 1630;
				LastUpgradeCheck = 1630;
				TargetAttributes = {
					8C280FA02DCACD4D00473F14 = {
						CreatedOnToolsVersion = 16.3;
					};
					8C280FB92DCACD4F00473F14 = {
						CreatedOnToolsVersion = 16.3;
						TestTargetID = 8C280FA02DCACD4D00473F14;
					};
					8C280FC32DCACD4F00473F14 = {
						CreatedOnToolsVersion = 16.3;
						TestTargetID = 8C280FA02DCACD4D00473F14;
					};
				};
			};
			buildConfigurationList = 8C280F9C2DCACD4D00473F14 /* Build configuration list for PBXProject "PuzzleBox" */;
			developmentRegion = en;
			hasScannedForEncodings = 0;
			knownRegions = (
				en,
				Base,
			);
			mainGroup = 8C280F982DCACD4D00473F14;
			minimizedProjectReferenceProxies = 1;
			preferredProjectObjectVersion = 77;
			productRefGroup = 8C280FA22DCACD4D00473F14 /* Products */;
			projectDirPath = "";
			projectRoot = "";
			targets = (
				8C280FA02DCACD4D00473F14 /* PuzzleBox */,
				8C280FB92DCACD4F00473F14 /* PuzzleBoxTests */,
				8C280FC32DCACD4F00473F14 /* PuzzleBoxUITests */,
			);
		};
/* End PBXProject section */

/* Begin PBXResourcesBuildPhase section */
		8C280F9F2DCACD4D00473F14 /* Resources */ = {
			isa = PBXResourcesBuildPhase;
			buildActionMask = 2147483647;
			files = (
			);
			runOnlyForDeploymentPostprocessing = 0;
		};
		8C280FB82DCACD4F00473F14 /* Resources */ = {
			isa = PBXResourcesBuildPhase;
			buildActionMask = 2147483647;
			files = (
			);
			runOnlyForDeploymentPostprocessing = 0;
		};
		8C280FC22DCACD4F00473F14 /* Resources */ = {
			isa = PBXResourcesBuildPhase;
			buildActionMask = 2147483647;
			files = (
			);
			runOnlyForDeploymentPostprocessing = 0;
		};
/* End PBXResourcesBuildPhase section */

/* Begin PBXSourcesBuildPhase section */
		8C280F9D2DCACD4D00473F14 /* Sources */ = {
			isa = PBXSourcesBuildPhase;
			buildActionMask = 2147483647;
			files = (
			);
			runOnlyForDeploymentPostprocessing = 0;
		};
		8C280FB62DCACD4F00473F14 /* Sources */ = {
			isa = PBXSourcesBuildPhase;
			buildActionMask = 2147483647;
			files = (
			);
			runOnlyForDeploymentPostprocessing = 0;
		};
		8C280FC02DCACD4F00473F14 /* Sources */ = {
			isa = PBXSourcesBuildPhase;
			buildActionMask = 2147483647;
			files = (
			);
			runOnlyForDeploymentPostprocessing = 0;
		};
/* End PBXSourcesBuildPhase section */

/* Begin PBXTargetDependency section */
		8C280FBC2DCACD4F00473F14 /* PBXTargetDependency */ = {
			isa = PBXTargetDependency;
			target = 8C280FA02DCACD4D00473F14 /* PuzzleBox */;
			targetProxy = 8C280FBB2DCACD4F00473F14 /* PBXContainerItemProxy */;
		};
		8C280FC62DCACD4F00473F14 /* PBXTargetDependency */ = {
			isa = PBXTargetDependency;
			target = 8C280FA02DCACD4D00473F14 /* PuzzleBox */;
			targetProxy = 8C280FC52DCACD4F00473F14 /* PBXContainerItemProxy */;
		};
/* End PBXTargetDependency section */

/* Begin XCBuildConfiguration section */
		8C280FCE2DCACD4F00473F14 /* Debug */ = {
			isa = XCBuildConfiguration;
			buildSettings = {
				ASSETCATALOG_COMPILER_APPICON_NAME = AppIcon;
				ASSETCATALOG_COMPILER_GLOBAL_ACCENT_COLOR_NAME = AccentColor;
				CODE_SIGN_STYLE = Automatic;
				CURRENT_PROJECT_VERSION = 1;
				DEVELOPMENT_TEAM = P35N68RMVQ;
				GENERATE_INFOPLIST_FILE = YES;
				INFOPLIST_FILE = PuzzleBox/Info.plist;
				INFOPLIST_KEY_UIApplicationSupportsIndirectInputEvents = YES;
				INFOPLIST_KEY_UILaunchStoryboardName = LaunchScreen;
				INFOPLIST_KEY_UISupportedInterfaceOrientations_iPad = "UIInterfaceOrientationPortrait UIInterfaceOrientationPortraitUpsideDown UIInterfaceOrientationLandscapeLeft UIInterfaceOrientationLandscapeRight";
				INFOPLIST_KEY_UISupportedInterfaceOrientations_iPhone = "UIInterfaceOrientationPortrait UIInterfaceOrientationLandscapeLeft UIInterfaceOrientationLandscapeRight";
				LD_RUNPATH_SEARCH_PATHS = (
					"$(inherited)",
					"@executable_path/Frameworks",
				);
				MARKETING_VERSION = 1.0;
				PRODUCT_BUNDLE_IDENTIFIER = br.com.raline.PuzzleBox;
				PRODUCT_NAME = "$(TARGET_NAME)";
				SWIFT_EMIT_LOC_STRINGS = YES;
				SWIFT_VERSION = 5.0;
				TARGETED_DEVICE_FAMILY = "1,2";
			};
			name = Debug;
		};
		8C280FCF2DCACD4F00473F14 /* Release */ = {
			isa = XCBuildConfiguration;
			buildSettings = {
				ASSETCATALOG_COMPILER_APPICON_NAME = AppIcon;
				ASSETCATALOG_COMPILER_GLOBAL_ACCENT_COLOR_NAME = AccentColor;
				CODE_SIGN_STYLE = Automatic;
				CURRENT_PROJECT_VERSION = 1;
				DEVELOPMENT_TEAM = P35N68RMVQ;
				GENERATE_INFOPLIST_FILE = YES;
				INFOPLIST_FILE = PuzzleBox/Info.plist;
				INFOPLIST_KEY_UIApplicationSupportsIndirectInputEvents = YES;
				INFOPLIST_KEY_UILaunchStoryboardName = LaunchScreen;
				INFOPLIST_KEY_UISupportedInterfaceOrientations_iPad = "UIInterfaceOrientationPortrait UIInterfaceOrientationPortraitUpsideDown UIInterfaceOrientationLandscapeLeft UIInterfaceOrientationLandscapeRight";
				INFOPLIST_KEY_UISupportedInterfaceOrientations_iPhone = "UIInterfaceOrientationPortrait UIInterfaceOrientationLandscapeLeft UIInterfaceOrientationLandscapeRight";
				LD_RUNPATH_SEARCH_PATHS = (
					"$(inherited)",
					"@executable_path/Frameworks",
				);
				MARKETING_VERSION = 1.0;
				PRODUCT_BUNDLE_IDENTIFIER = br.com.raline.PuzzleBox;
				PRODUCT_NAME = "$(TARGET_NAME)";
				SWIFT_EMIT_LOC_STRINGS = YES;
				SWIFT_VERSION = 5.0;
				TARGETED_DEVICE_FAMILY = "1,2";
			};
			name = Release;
		};
		8C280FD02DCACD4F00473F14 /* Debug */ = {
			isa = XCBuildConfiguration;
			buildSettings = {
				ALWAYS_SEARCH_USER_PATHS = NO;
				ASSETCATALOG_COMPILER_GENERATE_SWIFT_ASSET_SYMBOL_EXTENSIONS = YES;
				CLANG_ANALYZER_NONNULL = YES;
				CLANG_ANALYZER_NUMBER_OBJECT_CONVERSION = YES_AGGRESSIVE;
				CLANG_CXX_LANGUAGE_STANDARD = "gnu++20";
				CLANG_ENABLE_MODULES = YES;
				CLANG_ENABLE_OBJC_ARC = YES;
				CLANG_ENABLE_OBJC_WEAK = YES;
				CLANG_WARN_BLOCK_CAPTURE_AUTORELEASING = YES;
				CLANG_WARN_BOOL_CONVERSION = YES;
				CLANG_WARN_COMMA = YES;
				CLANG_WARN_CONSTANT_CONVERSION = YES;
				CLANG_WARN_DEPRECATED_OBJC_IMPLEMENTATIONS = YES;
				CLANG_WARN_DIRECT_OBJC_ISA_USAGE = YES_ERROR;
				CLANG_WARN_DOCUMENTATION_COMMENTS = YES;
				CLANG_WARN_EMPTY_BODY = YES;
				CLANG_WARN_ENUM_CONVERSION = YES;
				CLANG_WARN_INFINITE_RECURSION = YES;
				CLANG_WARN_INT_CONVERSION = YES;
				CLANG_WARN_NON_LITERAL_NULL_CONVERSION = YES;
				CLANG_WARN_OBJC_IMPLICIT_RETAIN_SELF = YES;
				CLANG_WARN_OBJC_LITERAL_CONVERSION = YES;
				CLANG_WARN_OBJC_ROOT_CLASS = YES_ERROR;
				CLANG_WARN_QUOTED_INCLUDE_IN_FRAMEWORK_HEADER = YES;
				CLANG_WARN_RANGE_LOOP_ANALYSIS = YES;
				CLANG_WARN_STRICT_PROTOTYPES = YES;
				CLANG_WARN_SUSPICIOUS_MOVE = YES;
				CLANG_WARN_UNGUARDED_AVAILABILITY = YES_AGGRESSIVE;
				CLANG_WARN_UNREACHABLE_CODE = YES;
				CLANG_WARN__DUPLICATE_METHOD_MATCH = YES;
				COPY_PHASE_STRIP = NO;
				DEBUG_INFORMATION_FORMAT = dwarf;
				DEVELOPMENT_TEAM = P35N68RMVQ;
				ENABLE_STRICT_OBJC_MSGSEND = YES;
				ENABLE_TESTABILITY = YES;
				ENABLE_USER_SCRIPT_SANDBOXING = YES;
				GCC_C_LANGUAGE_STANDARD = gnu17;
				GCC_DYNAMIC_NO_PIC = NO;
				GCC_NO_COMMON_BLOCKS = YES;
				GCC_OPTIMIZATION_LEVEL = 0;
				GCC_PREPROCESSOR_DEFINITIONS = (
					"DEBUG=1",
					"$(inherited)",
				);
				GCC_WARN_64_TO_32_BIT_CONVERSION = YES;
				GCC_WARN_ABOUT_RETURN_TYPE = YES_ERROR;
				GCC_WARN_UNDECLARED_SELECTOR = YES;
				GCC_WARN_UNINITIALIZED_AUTOS = YES_AGGRESSIVE;
				GCC_WARN_UNUSED_FUNCTION = YES;
				GCC_WARN_UNUSED_VARIABLE = YES;
				IPHONEOS_DEPLOYMENT_TARGET = 18.4;
				LOCALIZATION_PREFERS_STRING_CATALOGS = YES;
				MTL_ENABLE_DEBUG_INFO = INCLUDE_SOURCE;
				MTL_FAST_MATH = YES;
				ONLY_ACTIVE_ARCH = YES;
				SDKROOT = iphoneos;
				SWIFT_ACTIVE_COMPILATION_CONDITIONS = "DEBUG $(inherited)";
				SWIFT_OPTIMIZATION_LEVEL = "-Onone";
			};
			name = Debug;
		};
		8C280FD12DCACD4F00473F14 /* Release */ = {
			isa = XCBuildConfiguration;
			buildSettings = {
				ALWAYS_SEARCH_USER_PATHS = NO;
				ASSETCATALOG_COMPILER_GENERATE_SWIFT_ASSET_SYMBOL_EXTENSIONS = YES;
				CLANG_ANALYZER_NONNULL = YES;
				CLANG_ANALYZER_NUMBER_OBJECT_CONVERSION = YES_AGGRESSIVE;
				CLANG_CXX_LANGUAGE_STANDARD = "gnu++20";
				CLANG_ENABLE_MODULES = YES;
				CLANG_ENABLE_OBJC_ARC = YES;
				CLANG_ENABLE_OBJC_WEAK = YES;
				CLANG_WARN_BLOCK_CAPTURE_AUTORELEASING = YES;
				CLANG_WARN_BOOL_CONVERSION = YES;
				CLANG_WARN_COMMA = YES;
				CLANG_WARN_CONSTANT_CONVERSION = YES;
				CLANG_WARN_DEPRECATED_OBJC_IMPLEMENTATIONS = YES;
				CLANG_WARN_DIRECT_OBJC_ISA_USAGE = YES_ERROR;
				CLANG_WARN_DOCUMENTATION_COMMENTS = YES;
				CLANG_WARN_EMPTY_BODY = YES;
				CLANG_WARN_ENUM_CONVERSION = YES;
				CLANG_WARN_INFINITE_RECURSION = YES;
				CLANG_WARN_INT_CONVERSION = YES;
				CLANG_WARN_NON_LITERAL_NULL_CONVERSION = YES;
				CLANG_WARN_OBJC_IMPLICIT_RETAIN_SELF = YES;
				CLANG_WARN_OBJC_LITERAL_CONVERSION = YES;
				CLANG_WARN_OBJC_ROOT_CLASS = YES_ERROR;
				CLANG_WARN_QUOTED_INCLUDE_IN_FRAMEWORK_HEADER = YES;
				CLANG_WARN_RANGE_LOOP_ANALYSIS = YES;
				CLANG_WARN_STRICT_PROTOTYPES = YES;
				CLANG_WARN_SUSPICIOUS_MOVE = YES;
				CLANG_WARN_UNGUARDED_AVAILABILITY = YES_AGGRESSIVE;
				CLANG_WARN_UNREACHABLE_CODE = YES;
				CLANG_WARN__DUPLICATE_METHOD_MATCH = YES;
				COPY_PHASE_STRIP = NO;
				DEBUG_INFORMATION_FORMAT = "dwarf-with-dsym";
				DEVELOPMENT_TEAM = P35N68RMVQ;
				ENABLE_NS_ASSERTIONS = NO;
				ENABLE_STRICT_OBJC_MSGSEND = YES;
				ENABLE_USER_SCRIPT_SANDBOXING = YES;
				GCC_C_LANGUAGE_STANDARD = gnu17;
				GCC_NO_COMMON_BLOCKS = YES;
				GCC_WARN_64_TO_32_BIT_CONVERSION = YES;
				GCC_WARN_ABOUT_RETURN_TYPE = YES_ERROR;
				GCC_WARN_UNDECLARED_SELECTOR = YES;
				GCC_WARN_UNINITIALIZED_AUTOS = YES_AGGRESSIVE;
				GCC_WARN_UNUSED_FUNCTION = YES;
				GCC_WARN_UNUSED_VARIABLE = YES;
				IPHONEOS_DEPLOYMENT_TARGET = 18.4;
				LOCALIZATION_PREFERS_STRING_CATALOGS = YES;
				MTL_ENABLE_DEBUG_INFO = NO;
				MTL_FAST_MATH = YES;
				SDKROOT = iphoneos;
				SWIFT_COMPILATION_MODE = wholemodule;
				VALIDATE_PRODUCT = YES;
			};
			name = Release;
		};
		8C280FD32DCACD4F00473F14 /* Debug */ = {
			isa = XCBuildConfiguration;
			buildSettings = {
				BUNDLE_LOADER = "$(TEST_HOST)";
				CODE_SIGN_STYLE = Automatic;
				CURRENT_PROJECT_VERSION = 1;
				DEVELOPMENT_TEAM = P35N68RMVQ;
				GENERATE_INFOPLIST_FILE = YES;
				IPHONEOS_DEPLOYMENT_TARGET = 18.4;
				MARKETING_VERSION = 1.0;
				PRODUCT_BUNDLE_IDENTIFIER = br.com.raline.PuzzleBoxTests;
				PRODUCT_NAME = "$(TARGET_NAME)";
				SWIFT_EMIT_LOC_STRINGS = NO;
				SWIFT_VERSION = 5.0;
				TARGETED_DEVICE_FAMILY = "1,2";
				TEST_HOST = "$(BUILT_PRODUCTS_DIR)/PuzzleBox.app/$(BUNDLE_EXECUTABLE_FOLDER_PATH)/PuzzleBox";
			};
			name = Debug;
		};
		8C280FD42DCACD4F00473F14 /* Release */ = {
			isa = XCBuildConfiguration;
			buildSettings = {
				BUNDLE_LOADER = "$(TEST_HOST)";
				CODE_SIGN_STYLE = Automatic;
				CURRENT_PROJECT_VERSION = 1;
				DEVELOPMENT_TEAM = P35N68RMVQ;
				GENERATE_INFOPLIST_FILE = YES;
				IPHONEOS_DEPLOYMENT_TARGET = 18.4;
				MARKETING_VERSION = 1.0;
				PRODUCT_BUNDLE_IDENTIFIER = br.com.raline.PuzzleBoxTests;
				PRODUCT_NAME = "$(TARGET_NAME)";
				SWIFT_EMIT_LOC_STRINGS = NO;
				SWIFT_VERSION = 5.0;
				TARGETED_DEVICE_FAMILY = "1,2";
				TEST_HOST = "$(BUILT_PRODUCTS_DIR)/PuzzleBox.app/$(BUNDLE_EXECUTABLE_FOLDER_PATH)/PuzzleBox";
			};
			name = Release;
		};
		8C280FD62DCACD4F00473F14 /* Debug */ = {
			isa = XCBuildConfiguration;
			buildSettings = {
				CODE_SIGN_STYLE = Automatic;
				CURRENT_PROJECT_VERSION = 1;
				DEVELOPMENT_TEAM = P35N68RMVQ;
				GENERATE_INFOPLIST_FILE = YES;
				MARKETING_VERSION = 1.0;
				PRODUCT_BUNDLE_IDENTIFIER = br.com.raline.PuzzleBoxUITests;
				PRODUCT_NAME = "$(TARGET_NAME)";
				SWIFT_EMIT_LOC_STRINGS = NO;
				SWIFT_VERSION = 5.0;
				TARGETED_DEVICE_FAMILY = "1,2";
				TEST_TARGET_NAME = PuzzleBox;
			};
			name = Debug;
		};
		8C280FD72DCACD4F00473F14 /* Release */ = {
			isa = XCBuildConfiguration;
			buildSettings = {
				CODE_SIGN_STYLE = Automatic;
				CURRENT_PROJECT_VERSION = 1;
				DEVELOPMENT_TEAM = P35N68RMVQ;
				GENERATE_INFOPLIST_FILE = YES;
				MARKETING_VERSION = 1.0;
				PRODUCT_BUNDLE_IDENTIFIER = br.com.raline.PuzzleBoxUITests;
				PRODUCT_NAME = "$(TARGET_NAME)";
				SWIFT_EMIT_LOC_STRINGS = NO;
				SWIFT_VERSION = 5.0;
				TARGETED_DEVICE_FAMILY = "1,2";
				TEST_TARGET_NAME = PuzzleBox;
			};
			name = Release;
		};
/* End XCBuildConfiguration section */

/* Begin XCConfigurationList section */
		8C280F9C2DCACD4D00473F14 /* Build configuration list for PBXProject "PuzzleBox" */ = {
			isa = XCConfigurationList;
			buildConfigurations = (
				8C280FD02DCACD4F00473F14 /* Debug */,
				8C280FD12DCACD4F00473F14 /* Release */,
			);
			defaultConfigurationIsVisible = 0;
			defaultConfigurationName = Release;
		};
		8C280FCD2DCACD4F00473F14 /* Build configuration list for PBXNativeTarget "PuzzleBox" */ = {
			isa = XCConfigurationList;
			buildConfigurations = (
				8C280FCE2DCACD4F00473F14 /* Debug */,
				8C280FCF2DCACD4F00473F14 /* Release */,
			);
			defaultConfigurationIsVisible = 0;
			defaultConfigurationName = Release;
		};
		8C280FD22DCACD4F00473F14 /* Build configuration list for PBXNativeTarget "PuzzleBoxTests" */ = {
			isa = XCConfigurationList;
			buildConfigurations = (
				8C280FD32DCACD4F00473F14 /* Debug */,
				8C280FD42DCACD4F00473F14 /* Release */,
			);
			defaultConfigurationIsVisible = 0;
			defaultConfigurationName = Release;
		};
		8C280FD52DCACD4F00473F14 /* Build configuration list for PBXNativeTarget "PuzzleBoxUITests" */ = {
			isa = XCConfigurationList;
			buildConfigurations = (
				8C280FD62DCACD4F00473F14 /* Debug */,
				8C280FD72DCACD4F00473F14 /* Release */,
			);
			defaultConfigurationIsVisible = 0;
			defaultConfigurationName = Release;
		};
/* End XCConfigurationList section */
	};
	rootObject = 8C280F992DCACD4D00473F14 /* Project object */;
}
